
Microsoft Visual Studio Solution File, Format Version 12.00
# Visual Studio Version 16
VisualStudioVersion = 16.0.28803.156
MinimumVisualStudioVersion = 10.0.40219.1
Project("{FAE04EC0-301F-11D3-BF4B-00C04F79EFBC}") = "OOP2", "OOP2\OOP2.csproj", "{77F4F851-9DAC-4403-980F-79F6926AD88A}"
EndProject
Project("{FAE04EC0-301F-11D3-BF4B-00C04F79EFBC}") = "OOP1_Tests", "OOP1_Tests\OOP1_Tests.csproj", "{99735D4A-8CCC-4124-83DF-842E30D563C0}"
EndProject
Project("{FAE04EC0-301F-11D3-BF4B-00C04F79EFBC}") = "OOP1", "OOP1\OOP1.csproj", "{713A36EB-F8B6-4B47-86BA-153355CE16AF}"
EndProject
Project("{FAE04EC0-301F-11D3-BF4B-00C04F79EFBC}") = "OOP3", "OOP3\OOP3.csproj", "{65C4143D-C78A-418C-8C27-288E3DB7EE1C}"
EndProject
Project("{FAE04EC0-301F-11D3-BF4B-00C04F79EFBC}") = "OOP4", "OOP4\OOP4.csproj", "{E8A57224-3624-4CAD-8524-7CE309DD1C30}"
EndProject
Global
	GlobalSection(SolutionConfigurationPlatforms) = preSolution
		Debug|Any CPU = Debug|Any CPU
		Release|Any CPU = Release|Any CPU
	EndGlobalSection
	GlobalSection(ProjectConfigurationPlatforms) = postSolution
		{77F4F851-9DAC-4403-980F-79F6926AD88A}.Debug|Any CPU.ActiveCfg = Debug|Any CPU
		{77F4F851-9DAC-4403-980F-79F6926AD88A}.Debug|Any CPU.Build.0 = Debug|Any CPU
		{77F4F851-9DAC-4403-980F-79F6926AD88A}.Release|Any CPU.ActiveCfg = Release|Any CPU
		{77F4F851-9DAC-4403-980F-79F6926AD88A}.Release|Any CPU.Build.0 = Release|Any CPU
		{99735D4A-8CCC-4124-83DF-842E30D563C0}.Debug|Any CPU.ActiveCfg = Debug|Any CPU
		{99735D4A-8CCC-4124-83DF-842E30D563C0}.Debug|Any CPU.Build.0 = Debug|Any CPU
		{99735D4A-8CCC-4124-83DF-842E30D563C0}.Release|Any CPU.ActiveCfg = Release|Any CPU
		{99735D4A-8CCC-4124-83DF-842E30D563C0}.Release|Any CPU.Build.0 = Release|Any CPU
		{713A36EB-F8B6-4B47-86BA-153355CE16AF}.Debug|Any CPU.ActiveCfg = Debug|Any CPU
		{713A36EB-F8B6-4B47-86BA-153355CE16AF}.Debug|Any CPU.Build.0 = Debug|Any CPU
		{713A36EB-F8B6-4B47-86BA-153355CE16AF}.Release|Any CPU.ActiveCfg = Release|Any CPU
		{713A36EB-F8B6-4B47-86BA-153355CE16AF}.Release|Any CPU.Build.0 = Release|Any CPU
		{65C4143D-C78A-418C-8C27-288E3DB7EE1C}.Debug|Any CPU.ActiveCfg = Debug|Any CPU
		{65C4143D-C78A-418C-8C27-288E3DB7EE1C}.Debug|Any CPU.Build.0 = Debug|Any CPU
		{65C4143D-C78A-418C-8C27-288E3DB7EE1C}.Release|Any CPU.ActiveCfg = Release|Any CPU
		{65C4143D-C78A-418C-8C27-288E3DB7EE1C}.Release|Any CPU.Build.0 = Release|Any CPU
		{E8A57224-3624-4CAD-8524-7CE309DD1C30}.Debug|Any CPU.ActiveCfg = Debug|Any CPU
		{E8A57224-3624-4CAD-8524-7CE309DD1C30}.Debug|Any CPU.Build.0 = Debug|Any CPU
		{E8A57224-3624-4CAD-8524-7CE309DD1C30}.Release|Any CPU.ActiveCfg = Release|Any CPU
		{E8A57224-3624-4CAD-8524-7CE309DD1C30}.Release|Any CPU.Build.0 = Release|Any CPU
	EndGlobalSection
	GlobalSection(SolutionProperties) = preSolution
		HideSolutionNode = FALSE
	EndGlobalSection
	GlobalSection(ExtensibilityGlobals) = postSolution
		SolutionGuid = {C313C431-681D-42C8-BCBC-12BE76339332}
	EndGlobalSection
EndGlobal
